{
  "pins" : [
    {
      "identity" : "navigator",
      "kind" : "remoteSourceControl",
      "location" : "https://github.com/dehrom/Navigator.git",
      "state" : {
        "revision" : "0664479ad6c99960b2122ec19452f80f31a544c9",
        "version" : "0.2.0"
      }
    },
    {
      "identity" : "ribs",
      "kind" : "remoteSourceControl",
      "location" : "https://github.com/uber/RIBs.git",
      "state" : {
        "revision" : "0ea5c5c7153d81f026500e41f6fadf4e35830287",
        "version" : "0.15.2"
      }
    },
    {
      "identity" : "ribs-swiftui",
      "kind" : "remoteSourceControl",
      "location" : "https://github.com/dehrom/RIBs-SwiftUI.git",
      "state" : {
        "revision" : "59a417f1a11b06a3e40f38daf1d17f49bcfa4296",
        "version" : "0.3.0"
      }
    },
    {
      "identity" : "rxswift",
      "kind" : "remoteSourceControl",
      "location" : "https://github.com/ReactiveX/RxSwift",
      "state" : {
        "revision" : "9dcaa4b333db437b0fbfaf453fad29069044a8b4",
        "version" : "6.6.0"
      }
    }
  ],
  "version" : 2
}
